
Microsoft Visual Studio Solution File, Format Version 12.00
# Visual Studio Version 17
VisualStudioVersion = 17.8.34330.188
MinimumVisualStudioVersion = 10.0.40219.1
Project("{F184B08F-C81C-45F6-A57F-5ABD9991F28F}") = "Task7", "Task7\Task7.vbproj", "{6F340D42-0FE4-4B58-9ADE-65400872658B}"
EndProject
Global
	GlobalSection(SolutionConfigurationPlatforms) = preSolution
		Debug|Any CPU = Debug|Any CPU
		Release|Any CPU = Release|Any CPU
	EndGlobalSection
	GlobalSection(ProjectConfigurationPlatforms) = postSolution
		{6F340D42-0FE4-4B58-9ADE-65400872658B}.Debug|Any CPU.ActiveCfg = Debug|Any CPU
		{6F340D42-0FE4-4B58-9ADE-65400872658B}.Debug|Any CPU.Build.0 = Debug|Any CPU
		{6F340D42-0FE4-4B58-9ADE-65400872658B}.Release|Any CPU.ActiveCfg = Release|Any CPU
		{6F340D42-0FE4-4B58-9ADE-65400872658B}.Release|Any CPU.Build.0 = Release|Any CPU
	EndGlobalSection
	GlobalSection(SolutionProperties) = preSolution
		HideSolutionNode = FALSE
	EndGlobalSection
	GlobalSection(ExtensibilityGlobals) = postSolution
		SolutionGuid = {D6FEC15F-1F7E-4139-9A32-77CAC0CB533C}
	EndGlobalSection
EndGlobal
