
Microsoft Visual Studio Solution File, Format Version 12.00
# Visual Studio Version 17
VisualStudioVersion = 17.8.34330.188
MinimumVisualStudioVersion = 10.0.40219.1
Project("{F184B08F-C81C-45F6-A57F-5ABD9991F28F}") = "Task6", "Task6\Task6.vbproj", "{DDDCE81A-382B-49DF-BFCB-69B0BCF3C7F7}"
EndProject
Global
	GlobalSection(SolutionConfigurationPlatforms) = preSolution
		Debug|Any CPU = Debug|Any CPU
		Release|Any CPU = Release|Any CPU
	EndGlobalSection
	GlobalSection(ProjectConfigurationPlatforms) = postSolution
		{DDDCE81A-382B-49DF-BFCB-69B0BCF3C7F7}.Debug|Any CPU.ActiveCfg = Debug|Any CPU
		{DDDCE81A-382B-49DF-BFCB-69B0BCF3C7F7}.Debug|Any CPU.Build.0 = Debug|Any CPU
		{DDDCE81A-382B-49DF-BFCB-69B0BCF3C7F7}.Release|Any CPU.ActiveCfg = Release|Any CPU
		{DDDCE81A-382B-49DF-BFCB-69B0BCF3C7F7}.Release|Any CPU.Build.0 = Release|Any CPU
	EndGlobalSection
	GlobalSection(SolutionProperties) = preSolution
		HideSolutionNode = FALSE
	EndGlobalSection
	GlobalSection(ExtensibilityGlobals) = postSolution
		SolutionGuid = {F8127AA8-0FC5-4975-A416-59292BA35EC0}
	EndGlobalSection
EndGlobal
